// !$*UTF8*$!
{
	archiveVersion = 1;
	classes = {
	};
	objectVersion = 46;
	objects = {

/* Begin PBXBuildFile section */
		DF305A2817230186006958AD /* MapBox.framework in Frameworks */ = {isa = PBXBuildFile; fileRef = DF305A2717230186006958AD /* MapBox.framework */; };
		DF305A2A172301AE006958AD /* CoreLocation.framework in Frameworks */ = {isa = PBXBuildFile; fileRef = DF305A29172301AE006958AD /* CoreLocation.framework */; };
		DF305A2C172301BB006958AD /* QuartzCore.framework in Frameworks */ = {isa = PBXBuildFile; fileRef = DF305A2B172301BB006958AD /* QuartzCore.framework */; };
		DF305A2E172301C7006958AD /* libsqlite3.dylib in Frameworks */ = {isa = PBXBuildFile; fileRef = DF305A2D172301C7006958AD /* libsqlite3.dylib */; };
		DF305A30172301D0006958AD /* libz.dylib in Frameworks */ = {isa = PBXBuildFile; fileRef = DF305A2F172301D0006958AD /* libz.dylib */; };
		DF305A3217230212006958AD /* MapBox.bundle in Resources */ = {isa = PBXBuildFile; fileRef = DF305A3117230212006958AD /* MapBox.bundle */; };
		DF305A3517230235006958AD /* MapViewController.m in Sources */ = {isa = PBXBuildFile; fileRef = DF305A3417230235006958AD /* MapViewController.m */; };
		DF305A4417231171006958AD /* popos.json in Resources */ = {isa = PBXBuildFile; fileRef = DF305A4317231171006958AD /* popos.json */; };
		DF305A4C17231579006958AD /* Popo.m in Sources */ = {isa = PBXBuildFile; fileRef = DF305A4B17231579006958AD /* Popo.m */; };
		DF305A5817231E03006958AD /* PoposDetailViewController.m in Sources */ = {isa = PBXBuildFile; fileRef = DF305A5617231E03006958AD /* PoposDetailViewController.m */; };
		DF305A5917231E03006958AD /* PoposDetailViewController.xib in Resources */ = {isa = PBXBuildFile; fileRef = DF305A5717231E03006958AD /* PoposDetailViewController.xib */; };
		DF305A5B17232F73006958AD /* map-marker.png in Resources */ = {isa = PBXBuildFile; fileRef = DF305A5A17232F73006958AD /* map-marker.png */; };
		DF305A5F17233B27006958AD /* HomeController.m in Sources */ = {isa = PBXBuildFile; fileRef = DF305A5D17233B27006958AD /* HomeController.m */; };
		DF305A6017233B27006958AD /* HomeController.xib in Resources */ = {isa = PBXBuildFile; fileRef = DF305A5E17233B27006958AD /* HomeController.xib */; };
		DF305A8C17233D06006958AD /* bookmark@2x.png in Resources */ = {isa = PBXBuildFile; fileRef = DF305A8217233D06006958AD /* bookmark@2x.png */; };
		DF305A8D17233D06006958AD /* outdoor_indoor@2x.png in Resources */ = {isa = PBXBuildFile; fileRef = DF305A8317233D06006958AD /* outdoor_indoor@2x.png */; };
		DF305A8E17233D06006958AD /* ratings@2x.png in Resources */ = {isa = PBXBuildFile; fileRef = DF305A8417233D06006958AD /* ratings@2x.png */; };
		DF305A8F17233D06006958AD /* reading@2x.png in Resources */ = {isa = PBXBuildFile; fileRef = DF305A8517233D06006958AD /* reading@2x.png */; };
		DF305A9017233D06006958AD /* search@2x.png in Resources */ = {isa = PBXBuildFile; fileRef = DF305A8617233D06006958AD /* search@2x.png */; };
		DF305A9117233D06006958AD /* wifi@2x.png in Resources */ = {isa = PBXBuildFile; fileRef = DF305A8717233D06006958AD /* wifi@2x.png */; };
		DF305A9217233D06006958AD /* what_are_popos@2x.png in Resources */ = {isa = PBXBuildFile; fileRef = DF305A8817233D06006958AD /* what_are_popos@2x.png */; };
		DF305A9317233D06006958AD /* geo_pin@2x.png in Resources */ = {isa = PBXBuildFile; fileRef = DF305A8917233D06006958AD /* geo_pin@2x.png */; };
		DF305A9417233D06006958AD /* events@2x.png in Resources */ = {isa = PBXBuildFile; fileRef = DF305A8A17233D06006958AD /* events@2x.png */; };
		DF305A9517233D06006958AD /* tours@2x.png in Resources */ = {isa = PBXBuildFile; fileRef = DF305A8B17233D06006958AD /* tours@2x.png */; };
		DF305A9C17233D57006958AD /* bathroom@2x.png in Resources */ = {isa = PBXBuildFile; fileRef = DF305A9617233D57006958AD /* bathroom@2x.png */; };
		DF305A9D17233D57006958AD /* art@2x.png in Resources */ = {isa = PBXBuildFile; fileRef = DF305A9717233D57006958AD /* art@2x.png */; };
		DF305A9E17233D57006958AD /* review@2x.png in Resources */ = {isa = PBXBuildFile; fileRef = DF305A9817233D57006958AD /* review@2x.png */; };
		DF305A9F17233D57006958AD /* music@2x.png in Resources */ = {isa = PBXBuildFile; fileRef = DF305A9917233D57006958AD /* music@2x.png */; };
		DF305AA017233D57006958AD /* muni@2x.png in Resources */ = {isa = PBXBuildFile; fileRef = DF305A9A17233D57006958AD /* muni@2x.png */; };
		DF305AA117233D57006958AD /* dining@2x.png in Resources */ = {isa = PBXBuildFile; fileRef = DF305A9B17233D57006958AD /* dining@2x.png */; };
		DF305AA7172359B2006958AD /* Key_Icon.png in Resources */ = {isa = PBXBuildFile; fileRef = DF305AA6172359B2006958AD /* Key_Icon.png */; };
		DF305AA9172359BB006958AD /* Key_Icon.png in Resources */ = {isa = PBXBuildFile; fileRef = DF305AA8172359BB006958AD /* Key_Icon.png */; };
		DF305AAB17235CA9006958AD /* points.json in Resources */ = {isa = PBXBuildFile; fileRef = DF305AAA17235CA8006958AD /* points.json */; };
		DF305AD717235FE2006958AD /* libGeotriggerSDK.a in Frameworks */ = {isa = PBXBuildFile; fileRef = DF305AD617235FE2006958AD /* libGeotriggerSDK.a */; };
		DF305AE417236247006958AD /* art-shape@2x.png in Resources */ = {isa = PBXBuildFile; fileRef = DF305AE317236247006958AD /* art-shape@2x.png */; };
		DF305AE817236ABC006958AD /* DemoViewController.m in Sources */ = {isa = PBXBuildFile; fileRef = DF305AE617236ABB006958AD /* DemoViewController.m */; };
		DF305AE917236ABC006958AD /* DemoViewController.xib in Resources */ = {isa = PBXBuildFile; fileRef = DF305AE717236ABB006958AD /* DemoViewController.xib */; };
		DF4EBF0C1722F5B4008AA009 /* UIKit.framework in Frameworks */ = {isa = PBXBuildFile; fileRef = DF4EBF0B1722F5B4008AA009 /* UIKit.framework */; };
		DF4EBF0E1722F5B4008AA009 /* Foundation.framework in Frameworks */ = {isa = PBXBuildFile; fileRef = DF4EBF0D1722F5B4008AA009 /* Foundation.framework */; };
		DF4EBF101722F5B4008AA009 /* CoreGraphics.framework in Frameworks */ = {isa = PBXBuildFile; fileRef = DF4EBF0F1722F5B4008AA009 /* CoreGraphics.framework */; };
		DF4EBF121722F5B4008AA009 /* CoreData.framework in Frameworks */ = {isa = PBXBuildFile; fileRef = DF4EBF111722F5B4008AA009 /* CoreData.framework */; };
		DF4EBF181722F5B4008AA009 /* InfoPlist.strings in Resources */ = {isa = PBXBuildFile; fileRef = DF4EBF161722F5B4008AA009 /* InfoPlist.strings */; };
		DF4EBF1A1722F5B4008AA009 /* main.m in Sources */ = {isa = PBXBuildFile; fileRef = DF4EBF191722F5B4008AA009 /* main.m */; };
		DF4EBF1E1722F5B4008AA009 /* AppDelegate.m in Sources */ = {isa = PBXBuildFile; fileRef = DF4EBF1D1722F5B4008AA009 /* AppDelegate.m */; };
		DF4EBF201722F5B4008AA009 /* Default.png in Resources */ = {isa = PBXBuildFile; fileRef = DF4EBF1F1722F5B4008AA009 /* Default.png */; };
		DF4EBF221722F5B4008AA009 /* Default@2x.png in Resources */ = {isa = PBXBuildFile; fileRef = DF4EBF211722F5B4008AA009 /* Default@2x.png */; };
		DF4EBF241722F5B4008AA009 /* Default-568h@2x.png in Resources */ = {isa = PBXBuildFile; fileRef = DF4EBF231722F5B4008AA009 /* Default-568h@2x.png */; };
		DF4EBF271722F5B4008AA009 /* popos.xcdatamodeld in Sources */ = {isa = PBXBuildFile; fileRef = DF4EBF251722F5B4008AA009 /* popos.xcdatamodeld */; };
/* End PBXBuildFile section */

/* Begin PBXFileReference section */
		DF305A2717230186006958AD /* MapBox.framework */ = {isa = PBXFileReference; lastKnownFileType = wrapper.framework; name = MapBox.framework; path = ../../../../Downloads/MapBox.framework; sourceTree = "<group>"; };
		DF305A29172301AE006958AD /* CoreLocation.framework */ = {isa = PBXFileReference; lastKnownFileType = wrapper.framework; name = CoreLocation.framework; path = System/Library/Frameworks/CoreLocation.framework; sourceTree = SDKROOT; };
		DF305A2B172301BB006958AD /* QuartzCore.framework */ = {isa = PBXFileReference; lastKnownFileType = wrapper.framework; name = QuartzCore.framework; path = System/Library/Frameworks/QuartzCore.framework; sourceTree = SDKROOT; };
		DF305A2D172301C7006958AD /* libsqlite3.dylib */ = {isa = PBXFileReference; lastKnownFileType = "compiled.mach-o.dylib"; name = libsqlite3.dylib; path = usr/lib/libsqlite3.dylib; sourceTree = SDKROOT; };
		DF305A2F172301D0006958AD /* libz.dylib */ = {isa = PBXFileReference; lastKnownFileType = "compiled.mach-o.dylib"; name = libz.dylib; path = usr/lib/libz.dylib; sourceTree = SDKROOT; };
		DF305A3117230212006958AD /* MapBox.bundle */ = {isa = PBXFileReference; lastKnownFileType = "wrapper.plug-in"; name = MapBox.bundle; path = ../../../../Downloads/MapBox.framework/Versions/A/Resources/MapBox.bundle; sourceTree = "<group>"; };
		DF305A3317230235006958AD /* MapViewController.h */ = {isa = PBXFileReference; fileEncoding = 4; lastKnownFileType = sourcecode.c.h; path = MapViewController.h; sourceTree = "<group>"; };
		DF305A3417230235006958AD /* MapViewController.m */ = {isa = PBXFileReference; fileEncoding = 4; lastKnownFileType = sourcecode.c.objc; path = MapViewController.m; sourceTree = "<group>"; };
		DF305A4317231171006958AD /* popos.json */ = {isa = PBXFileReference; fileEncoding = 4; lastKnownFileType = text.json; name = popos.json; path = popos/popos.json; sourceTree = "<group>"; };
		DF305A4A17231579006958AD /* Popo.h */ = {isa = PBXFileReference; fileEncoding = 4; lastKnownFileType = sourcecode.c.h; path = Popo.h; sourceTree = "<group>"; };
		DF305A4B17231579006958AD /* Popo.m */ = {isa = PBXFileReference; fileEncoding = 4; lastKnownFileType = sourcecode.c.objc; path = Popo.m; sourceTree = "<group>"; };
		DF305A5517231E03006958AD /* PoposDetailViewController.h */ = {isa = PBXFileReference; fileEncoding = 4; lastKnownFileType = sourcecode.c.h; path = PoposDetailViewController.h; sourceTree = "<group>"; };
		DF305A5617231E03006958AD /* PoposDetailViewController.m */ = {isa = PBXFileReference; fileEncoding = 4; lastKnownFileType = sourcecode.c.objc; path = PoposDetailViewController.m; sourceTree = "<group>"; };
		DF305A5717231E03006958AD /* PoposDetailViewController.xib */ = {isa = PBXFileReference; fileEncoding = 4; lastKnownFileType = file.xib; path = PoposDetailViewController.xib; sourceTree = "<group>"; };
		DF305A5A17232F73006958AD /* map-marker.png */ = {isa = PBXFileReference; lastKnownFileType = image.png; name = "map-marker.png"; path = "popos/map-marker.png"; sourceTree = "<group>"; };
		DF305A5C17233B27006958AD /* HomeController.h */ = {isa = PBXFileReference; fileEncoding = 4; lastKnownFileType = sourcecode.c.h; path = HomeController.h; sourceTree = "<group>"; };
		DF305A5D17233B27006958AD /* HomeController.m */ = {isa = PBXFileReference; fileEncoding = 4; lastKnownFileType = sourcecode.c.objc; path = HomeController.m; sourceTree = "<group>"; };
		DF305A5E17233B27006958AD /* HomeController.xib */ = {isa = PBXFileReference; fileEncoding = 4; lastKnownFileType = file.xib; path = HomeController.xib; sourceTree = "<group>"; };
		DF305A8217233D06006958AD /* bookmark@2x.png */ = {isa = PBXFileReference; lastKnownFileType = image.png; path = "bookmark@2x.png"; sourceTree = "<group>"; };
		DF305A8317233D06006958AD /* outdoor_indoor@2x.png */ = {isa = PBXFileReference; lastKnownFileType = image.png; path = "outdoor_indoor@2x.png"; sourceTree = "<group>"; };
		DF305A8417233D06006958AD /* ratings@2x.png */ = {isa = PBXFileReference; lastKnownFileType = image.png; path = "ratings@2x.png"; sourceTree = "<group>"; };
		DF305A8517233D06006958AD /* reading@2x.png */ = {isa = PBXFileReference; lastKnownFileType = image.png; path = "reading@2x.png"; sourceTree = "<group>"; };
		DF305A8617233D06006958AD /* search@2x.png */ = {isa = PBXFileReference; lastKnownFileType = image.png; path = "search@2x.png"; sourceTree = "<group>"; };
		DF305A8717233D06006958AD /* wifi@2x.png */ = {isa = PBXFileReference; lastKnownFileType = image.png; path = "wifi@2x.png"; sourceTree = "<group>"; };
		DF305A8817233D06006958AD /* what_are_popos@2x.png */ = {isa = PBXFileReference; lastKnownFileType = image.png; path = "what_are_popos@2x.png"; sourceTree = "<group>"; };
		DF305A8917233D06006958AD /* geo_pin@2x.png */ = {isa = PBXFileReference; lastKnownFileType = image.png; path = "geo_pin@2x.png"; sourceTree = "<group>"; };
		DF305A8A17233D06006958AD /* events@2x.png */ = {isa = PBXFileReference; lastKnownFileType = image.png; path = "events@2x.png"; sourceTree = "<group>"; };
		DF305A8B17233D06006958AD /* tours@2x.png */ = {isa = PBXFileReference; lastKnownFileType = image.png; path = "tours@2x.png"; sourceTree = "<group>"; };
		DF305A9617233D57006958AD /* bathroom@2x.png */ = {isa = PBXFileReference; lastKnownFileType = image.png; path = "bathroom@2x.png"; sourceTree = "<group>"; };
		DF305A9717233D57006958AD /* art@2x.png */ = {isa = PBXFileReference; lastKnownFileType = image.png; path = "art@2x.png"; sourceTree = "<group>"; };
		DF305A9817233D57006958AD /* review@2x.png */ = {isa = PBXFileReference; lastKnownFileType = image.png; path = "review@2x.png"; sourceTree = "<group>"; };
		DF305A9917233D57006958AD /* music@2x.png */ = {isa = PBXFileReference; lastKnownFileType = image.png; path = "music@2x.png"; sourceTree = "<group>"; };
		DF305A9A17233D57006958AD /* muni@2x.png */ = {isa = PBXFileReference; lastKnownFileType = image.png; path = "muni@2x.png"; sourceTree = "<group>"; };
		DF305A9B17233D57006958AD /* dining@2x.png */ = {isa = PBXFileReference; lastKnownFileType = image.png; path = "dining@2x.png"; sourceTree = "<group>"; };
		DF305AA6172359B2006958AD /* Key_Icon.png */ = {isa = PBXFileReference; lastKnownFileType = image.png; name = Key_Icon.png; path = popos/Key_Icon.png; sourceTree = "<group>"; };
		DF305AA8172359BB006958AD /* Key_Icon.png */ = {isa = PBXFileReference; lastKnownFileType = image.png; path = Key_Icon.png; sourceTree = "<group>"; };
		DF305AAA17235CA8006958AD /* points.json */ = {isa = PBXFileReference; fileEncoding = 4; lastKnownFileType = text.json; name = points.json; path = popos/points.json; sourceTree = "<group>"; };
		DF305ACA17235FE2006958AD /* AGSCoding.h */ = {isa = PBXFileReference; fileEncoding = 4; lastKnownFileType = sourcecode.c.h; path = AGSCoding.h; sourceTree = "<group>"; };
		DF305ACB17235FE2006958AD /* AGSGeotriggerAPIClient.h */ = {isa = PBXFileReference; fileEncoding = 4; lastKnownFileType = sourcecode.c.h; path = AGSGeotriggerAPIClient.h; sourceTree = "<group>"; };
		DF305ACC17235FE2006958AD /* AGSGeotriggerBaseTask.h */ = {isa = PBXFileReference; fileEncoding = 4; lastKnownFileType = sourcecode.c.h; path = AGSGeotriggerBaseTask.h; sourceTree = "<group>"; };
		DF305ACD17235FE2006958AD /* AGSGeotriggerDeviceTask.h */ = {isa = PBXFileReference; fileEncoding = 4; lastKnownFileType = sourcecode.c.h; path = AGSGeotriggerDeviceTask.h; sourceTree = "<group>"; };
		DF305ACE17235FE2006958AD /* AGSGeotriggerLocation.h */ = {isa = PBXFileReference; fileEncoding = 4; lastKnownFileType = sourcecode.c.h; path = AGSGeotriggerLocation.h; sourceTree = "<group>"; };
		DF305ACF17235FE2006958AD /* AGSGeotriggerLocationTask.h */ = {isa = PBXFileReference; fileEncoding = 4; lastKnownFileType = sourcecode.c.h; path = AGSGeotriggerLocationTask.h; sourceTree = "<group>"; };
		DF305AD017235FE2006958AD /* AGSGeotriggerManager.h */ = {isa = PBXFileReference; fileEncoding = 4; lastKnownFileType = sourcecode.c.h; path = AGSGeotriggerManager.h; sourceTree = "<group>"; };
		DF305AD117235FE2006958AD /* AGSGeotriggerTagTask.h */ = {isa = PBXFileReference; fileEncoding = 4; lastKnownFileType = sourcecode.c.h; path = AGSGeotriggerTagTask.h; sourceTree = "<group>"; };
		DF305AD217235FE2006958AD /* AGSGeotriggerTriggerTask.h */ = {isa = PBXFileReference; fileEncoding = 4; lastKnownFileType = sourcecode.c.h; path = AGSGeotriggerTriggerTask.h; sourceTree = "<group>"; };
		DF305AD317235FE2006958AD /* AGSLocationManager.h */ = {isa = PBXFileReference; fileEncoding = 4; lastKnownFileType = sourcecode.c.h; path = AGSLocationManager.h; sourceTree = "<group>"; };
		DF305AD417235FE2006958AD /* AGSPortalDevice.h */ = {isa = PBXFileReference; fileEncoding = 4; lastKnownFileType = sourcecode.c.h; path = AGSPortalDevice.h; sourceTree = "<group>"; };
		DF305AD517235FE2006958AD /* GeotriggerSDK.h */ = {isa = PBXFileReference; fileEncoding = 4; lastKnownFileType = sourcecode.c.h; path = GeotriggerSDK.h; sourceTree = "<group>"; };
		DF305AD617235FE2006958AD /* libGeotriggerSDK.a */ = {isa = PBXFileReference; lastKnownFileType = archive.ar; path = libGeotriggerSDK.a; sourceTree = "<group>"; };
		DF305AD9172360F6006958AD /* AFURLConnectionOperation.h */ = {isa = PBXFileReference; fileEncoding = 4; lastKnownFileType = sourcecode.c.h; path = AFURLConnectionOperation.h; sourceTree = "<group>"; };
		DF305ADA172360F6006958AD /* AFHTTPClient.h */ = {isa = PBXFileReference; fileEncoding = 4; lastKnownFileType = sourcecode.c.h; path = AFHTTPClient.h; sourceTree = "<group>"; };
		DF305ADB172360F6006958AD /* AFJSONRequestOperation.h */ = {isa = PBXFileReference; fileEncoding = 4; lastKnownFileType = sourcecode.c.h; path = AFJSONRequestOperation.h; sourceTree = "<group>"; };
		DF305ADC172360F7006958AD /* AFNetworkActivityIndicatorManager.h */ = {isa = PBXFileReference; fileEncoding = 4; lastKnownFileType = sourcecode.c.h; path = AFNetworkActivityIndicatorManager.h; sourceTree = "<group>"; };
		DF305ADD172360F7006958AD /* AFNetworking.h */ = {isa = PBXFileReference; fileEncoding = 4; lastKnownFileType = sourcecode.c.h; path = AFNetworking.h; sourceTree = "<group>"; };
		DF305ADE172360F7006958AD /* AFPropertyListRequestOperation.h */ = {isa = PBXFileReference; fileEncoding = 4; lastKnownFileType = sourcecode.c.h; path = AFPropertyListRequestOperation.h; sourceTree = "<group>"; };
		DF305ADF172360F8006958AD /* AFHTTPRequestOperation.h */ = {isa = PBXFileReference; fileEncoding = 4; lastKnownFileType = sourcecode.c.h; path = AFHTTPRequestOperation.h; sourceTree = "<group>"; };
		DF305AE0172360F9006958AD /* AFImageRequestOperation.h */ = {isa = PBXFileReference; fileEncoding = 4; lastKnownFileType = sourcecode.c.h; path = AFImageRequestOperation.h; sourceTree = "<group>"; };
		DF305AE1172360F9006958AD /* AFXMLRequestOperation.h */ = {isa = PBXFileReference; fileEncoding = 4; lastKnownFileType = sourcecode.c.h; path = AFXMLRequestOperation.h; sourceTree = "<group>"; };
		DF305AE2172360F9006958AD /* UIImageView+AFNetworking.h */ = {isa = PBXFileReference; fileEncoding = 4; lastKnownFileType = sourcecode.c.h; path = "UIImageView+AFNetworking.h"; sourceTree = "<group>"; };
		DF305AE317236247006958AD /* art-shape@2x.png */ = {isa = PBXFileReference; lastKnownFileType = image.png; name = "art-shape@2x.png"; path = "popos/art-shape@2x.png"; sourceTree = "<group>"; };
		DF305AE517236ABB006958AD /* DemoViewController.h */ = {isa = PBXFileReference; fileEncoding = 4; lastKnownFileType = sourcecode.c.h; path = DemoViewController.h; sourceTree = "<group>"; };
		DF305AE617236ABB006958AD /* DemoViewController.m */ = {isa = PBXFileReference; fileEncoding = 4; lastKnownFileType = sourcecode.c.objc; path = DemoViewController.m; sourceTree = "<group>"; };
		DF305AE717236ABB006958AD /* DemoViewController.xib */ = {isa = PBXFileReference; fileEncoding = 4; lastKnownFileType = file.xib; path = DemoViewController.xib; sourceTree = "<group>"; };
		DF4EBF081722F5B4008AA009 /* popos.app */ = {isa = PBXFileReference; explicitFileType = wrapper.application; includeInIndex = 0; path = popos.app; sourceTree = BUILT_PRODUCTS_DIR; };
		DF4EBF0B1722F5B4008AA009 /* UIKit.framework */ = {isa = PBXFileReference; lastKnownFileType = wrapper.framework; name = UIKit.framework; path = System/Library/Frameworks/UIKit.framework; sourceTree = SDKROOT; };
		DF4EBF0D1722F5B4008AA009 /* Foundation.framework */ = {isa = PBXFileReference; lastKnownFileType = wrapper.framework; name = Foundation.framework; path = System/Library/Frameworks/Foundation.framework; sourceTree = SDKROOT; };
		DF4EBF0F1722F5B4008AA009 /* CoreGraphics.framework */ = {isa = PBXFileReference; lastKnownFileType = wrapper.framework; name = CoreGraphics.framework; path = System/Library/Frameworks/CoreGraphics.framework; sourceTree = SDKROOT; };
		DF4EBF111722F5B4008AA009 /* CoreData.framework */ = {isa = PBXFileReference; lastKnownFileType = wrapper.framework; name = CoreData.framework; path = System/Library/Frameworks/CoreData.framework; sourceTree = SDKROOT; };
		DF4EBF151722F5B4008AA009 /* popos-Info.plist */ = {isa = PBXFileReference; lastKnownFileType = text.plist.xml; path = "popos-Info.plist"; sourceTree = "<group>"; };
		DF4EBF171722F5B4008AA009 /* en */ = {isa = PBXFileReference; lastKnownFileType = text.plist.strings; name = en; path = en.lproj/InfoPlist.strings; sourceTree = "<group>"; };
		DF4EBF191722F5B4008AA009 /* main.m */ = {isa = PBXFileReference; lastKnownFileType = sourcecode.c.objc; path = main.m; sourceTree = "<group>"; };
		DF4EBF1B1722F5B4008AA009 /* popos-Prefix.pch */ = {isa = PBXFileReference; lastKnownFileType = sourcecode.c.h; path = "popos-Prefix.pch"; sourceTree = "<group>"; };
		DF4EBF1C1722F5B4008AA009 /* AppDelegate.h */ = {isa = PBXFileReference; lastKnownFileType = sourcecode.c.h; path = AppDelegate.h; sourceTree = "<group>"; };
		DF4EBF1D1722F5B4008AA009 /* AppDelegate.m */ = {isa = PBXFileReference; lastKnownFileType = sourcecode.c.objc; path = AppDelegate.m; sourceTree = "<group>"; };
		DF4EBF1F1722F5B4008AA009 /* Default.png */ = {isa = PBXFileReference; lastKnownFileType = image.png; path = Default.png; sourceTree = "<group>"; };
		DF4EBF211722F5B4008AA009 /* Default@2x.png */ = {isa = PBXFileReference; lastKnownFileType = image.png; path = "Default@2x.png"; sourceTree = "<group>"; };
		DF4EBF231722F5B4008AA009 /* Default-568h@2x.png */ = {isa = PBXFileReference; lastKnownFileType = image.png; path = "Default-568h@2x.png"; sourceTree = "<group>"; };
		DF4EBF261722F5B4008AA009 /* popos.xcdatamodel */ = {isa = PBXFileReference; lastKnownFileType = wrapper.xcdatamodel; path = popos.xcdatamodel; sourceTree = "<group>"; };
/* End PBXFileReference section */

/* Begin PBXFrameworksBuildPhase section */
		DF4EBF051722F5B4008AA009 /* Frameworks */ = {
			isa = PBXFrameworksBuildPhase;
			buildActionMask = 2147483647;
			files = (
				DF305A30172301D0006958AD /* libz.dylib in Frameworks */,
				DF305A2E172301C7006958AD /* libsqlite3.dylib in Frameworks */,
				DF305A2C172301BB006958AD /* QuartzCore.framework in Frameworks */,
				DF305A2A172301AE006958AD /* CoreLocation.framework in Frameworks */,
				DF305A2817230186006958AD /* MapBox.framework in Frameworks */,
				DF4EBF0C1722F5B4008AA009 /* UIKit.framework in Frameworks */,
				DF4EBF0E1722F5B4008AA009 /* Foundation.framework in Frameworks */,
				DF4EBF101722F5B4008AA009 /* CoreGraphics.framework in Frameworks */,
				DF4EBF121722F5B4008AA009 /* CoreData.framework in Frameworks */,
				DF305AD717235FE2006958AD /* libGeotriggerSDK.a in Frameworks */,
			);
			runOnlyForDeploymentPostprocessing = 0;
		};
/* End PBXFrameworksBuildPhase section */

/* Begin PBXGroup section */
		DF305A6117233C27006958AD /* Images */ = {
			isa = PBXGroup;
			children = (
				DF305AA6172359B2006958AD /* Key_Icon.png */,
				DF305A9617233D57006958AD /* bathroom@2x.png */,
				DF305A9717233D57006958AD /* art@2x.png */,
				DF305A9817233D57006958AD /* review@2x.png */,
				DF305A9917233D57006958AD /* music@2x.png */,
				DF305A9A17233D57006958AD /* muni@2x.png */,
				DF305A9B17233D57006958AD /* dining@2x.png */,
				DF305A8217233D06006958AD /* bookmark@2x.png */,
				DF305A8317233D06006958AD /* outdoor_indoor@2x.png */,
				DF305A8417233D06006958AD /* ratings@2x.png */,
				DF305A8517233D06006958AD /* reading@2x.png */,
				DF305A8617233D06006958AD /* search@2x.png */,
				DF305A8717233D06006958AD /* wifi@2x.png */,
				DF305A8817233D06006958AD /* what_are_popos@2x.png */,
				DF305A8917233D06006958AD /* geo_pin@2x.png */,
				DF305A8A17233D06006958AD /* events@2x.png */,
				DF305A8B17233D06006958AD /* tours@2x.png */,
			);
			name = Images;
			sourceTree = "<group>";
		};
		DF305AC917235FE2006958AD /* GeotriggerSDK */ = {
			isa = PBXGroup;
			children = (
				DF305ACA17235FE2006958AD /* AGSCoding.h */,
				DF305ACB17235FE2006958AD /* AGSGeotriggerAPIClient.h */,
				DF305ACC17235FE2006958AD /* AGSGeotriggerBaseTask.h */,
				DF305ACD17235FE2006958AD /* AGSGeotriggerDeviceTask.h */,
				DF305ACE17235FE2006958AD /* AGSGeotriggerLocation.h */,
				DF305ACF17235FE2006958AD /* AGSGeotriggerLocationTask.h */,
				DF305AD017235FE2006958AD /* AGSGeotriggerManager.h */,
				DF305AD117235FE2006958AD /* AGSGeotriggerTagTask.h */,
				DF305AD217235FE2006958AD /* AGSGeotriggerTriggerTask.h */,
				DF305AD317235FE2006958AD /* AGSLocationManager.h */,
				DF305AD417235FE2006958AD /* AGSPortalDevice.h */,
				DF305AD517235FE2006958AD /* GeotriggerSDK.h */,
				DF305AD617235FE2006958AD /* libGeotriggerSDK.a */,
			);
			path = GeotriggerSDK;
			sourceTree = "<group>";
		};
		DF305AD8172360EA006958AD /* AFNetworking */ = {
			isa = PBXGroup;
			children = (
			);
			name = AFNetworking;
			sourceTree = "<group>";
		};
		DF4EBEFF1722F5B4008AA009 = {
			isa = PBXGroup;
			children = (
				DF305AE517236ABB006958AD /* DemoViewController.h */,
				DF305AE617236ABB006958AD /* DemoViewController.m */,
				DF305AE717236ABB006958AD /* DemoViewController.xib */,
				DF305AE317236247006958AD /* art-shape@2x.png */,
				DF305AD9172360F6006958AD /* AFURLConnectionOperation.h */,
				DF305ADA172360F6006958AD /* AFHTTPClient.h */,
				DF305ADB172360F6006958AD /* AFJSONRequestOperation.h */,
				DF305ADC172360F7006958AD /* AFNetworkActivityIndicatorManager.h */,
				DF305ADD172360F7006958AD /* AFNetworking.h */,
				DF305ADE172360F7006958AD /* AFPropertyListRequestOperation.h */,
				DF305ADF172360F8006958AD /* AFHTTPRequestOperation.h */,
				DF305AE0172360F9006958AD /* AFImageRequestOperation.h */,
				DF305AE1172360F9006958AD /* AFXMLRequestOperation.h */,
				DF305AE2172360F9006958AD /* UIImageView+AFNetworking.h */,
				DF305AD8172360EA006958AD /* AFNetworking */,
				DF305AC917235FE2006958AD /* GeotriggerSDK */,
				DF305AAA17235CA8006958AD /* points.json */,
				DF305AA8172359BB006958AD /* Key_Icon.png */,
				DF305A6117233C27006958AD /* Images */,
				DF305A5C17233B27006958AD /* HomeController.h */,
				DF305A5D17233B27006958AD /* HomeController.m */,
				DF305A5E17233B27006958AD /* HomeController.xib */,
				DF305A5A17232F73006958AD /* map-marker.png */,
				DF305A5517231E03006958AD /* PoposDetailViewController.h */,
				DF305A5617231E03006958AD /* PoposDetailViewController.m */,
				DF305A5717231E03006958AD /* PoposDetailViewController.xib */,
				DF305A4A17231579006958AD /* Popo.h */,
				DF305A4B17231579006958AD /* Popo.m */,
				DF305A4317231171006958AD /* popos.json */,
				DF305A3117230212006958AD /* MapBox.bundle */,
				DF305A2F172301D0006958AD /* libz.dylib */,
				DF305A2D172301C7006958AD /* libsqlite3.dylib */,
				DF305A2B172301BB006958AD /* QuartzCore.framework */,
				DF305A29172301AE006958AD /* CoreLocation.framework */,
				DF305A2717230186006958AD /* MapBox.framework */,
				DF4EBF131722F5B4008AA009 /* popos */,
				DF4EBF0A1722F5B4008AA009 /* Frameworks */,
				DF4EBF091722F5B4008AA009 /* Products */,
			);
			sourceTree = "<group>";
		};
		DF4EBF091722F5B4008AA009 /* Products */ = {
			isa = PBXGroup;
			children = (
				DF4EBF081722F5B4008AA009 /* popos.app */,
			);
			name = Products;
			sourceTree = "<group>";
		};
		DF4EBF0A1722F5B4008AA009 /* Frameworks */ = {
			isa = PBXGroup;
			children = (
				DF4EBF0B1722F5B4008AA009 /* UIKit.framework */,
				DF4EBF0D1722F5B4008AA009 /* Foundation.framework */,
				DF4EBF0F1722F5B4008AA009 /* CoreGraphics.framework */,
				DF4EBF111722F5B4008AA009 /* CoreData.framework */,
			);
			name = Frameworks;
			sourceTree = "<group>";
		};
		DF4EBF131722F5B4008AA009 /* popos */ = {
			isa = PBXGroup;
			children = (
				DF4EBF1C1722F5B4008AA009 /* AppDelegate.h */,
				DF4EBF1D1722F5B4008AA009 /* AppDelegate.m */,
				DF4EBF251722F5B4008AA009 /* popos.xcdatamodeld */,
				DF4EBF141722F5B4008AA009 /* Supporting Files */,
				DF305A3317230235006958AD /* MapViewController.h */,
				DF305A3417230235006958AD /* MapViewController.m */,
			);
			path = popos;
			sourceTree = "<group>";
		};
		DF4EBF141722F5B4008AA009 /* Supporting Files */ = {
			isa = PBXGroup;
			children = (
				DF4EBF151722F5B4008AA009 /* popos-Info.plist */,
				DF4EBF161722F5B4008AA009 /* InfoPlist.strings */,
				DF4EBF191722F5B4008AA009 /* main.m */,
				DF4EBF1B1722F5B4008AA009 /* popos-Prefix.pch */,
				DF4EBF1F1722F5B4008AA009 /* Default.png */,
				DF4EBF211722F5B4008AA009 /* Default@2x.png */,
				DF4EBF231722F5B4008AA009 /* Default-568h@2x.png */,
			);
			name = "Supporting Files";
			sourceTree = "<group>";
		};
/* End PBXGroup section */

/* Begin PBXNativeTarget section */
		DF4EBF071722F5B4008AA009 /* popos */ = {
			isa = PBXNativeTarget;
			buildConfigurationList = DF4EBF2A1722F5B4008AA009 /* Build configuration list for PBXNativeTarget "popos" */;
			buildPhases = (
				DF4EBF041722F5B4008AA009 /* Sources */,
				DF4EBF051722F5B4008AA009 /* Frameworks */,
				DF4EBF061722F5B4008AA009 /* Resources */,
			);
			buildRules = (
			);
			dependencies = (
			);
			name = popos;
			productName = popos;
			productReference = DF4EBF081722F5B4008AA009 /* popos.app */;
			productType = "com.apple.product-type.application";
		};
/* End PBXNativeTarget section */

/* Begin PBXProject section */
		DF4EBF001722F5B4008AA009 /* Project object */ = {
			isa = PBXProject;
			attributes = {
				LastUpgradeCheck = 0460;
				ORGANIZATIONNAME = "Brandon Liu";
			};
			buildConfigurationList = DF4EBF031722F5B4008AA009 /* Build configuration list for PBXProject "popos" */;
			compatibilityVersion = "Xcode 3.2";
			developmentRegion = English;
			hasScannedForEncodings = 0;
			knownRegions = (
				en,
			);
			mainGroup = DF4EBEFF1722F5B4008AA009;
			productRefGroup = DF4EBF091722F5B4008AA009 /* Products */;
			projectDirPath = "";
			projectRoot = "";
			targets = (
				DF4EBF071722F5B4008AA009 /* popos */,
			);
		};
/* End PBXProject section */

/* Begin PBXResourcesBuildPhase section */
		DF4EBF061722F5B4008AA009 /* Resources */ = {
			isa = PBXResourcesBuildPhase;
			buildActionMask = 2147483647;
			files = (
				DF4EBF181722F5B4008AA009 /* InfoPlist.strings in Resources */,
				DF4EBF201722F5B4008AA009 /* Default.png in Resources */,
				DF4EBF221722F5B4008AA009 /* Default@2x.png in Resources */,
				DF4EBF241722F5B4008AA009 /* Default-568h@2x.png in Resources */,
				DF305A3217230212006958AD /* MapBox.bundle in Resources */,
				DF305A4417231171006958AD /* popos.json in Resources */,
				DF305A5917231E03006958AD /* PoposDetailViewController.xib in Resources */,
				DF305A5B17232F73006958AD /* map-marker.png in Resources */,
				DF305A6017233B27006958AD /* HomeController.xib in Resources */,
				DF305A8C17233D06006958AD /* bookmark@2x.png in Resources */,
				DF305A8D17233D06006958AD /* outdoor_indoor@2x.png in Resources */,
				DF305A8E17233D06006958AD /* ratings@2x.png in Resources */,
				DF305A8F17233D06006958AD /* reading@2x.png in Resources */,
				DF305A9017233D06006958AD /* search@2x.png in Resources */,
				DF305A9117233D06006958AD /* wifi@2x.png in Resources */,
				DF305A9217233D06006958AD /* what_are_popos@2x.png in Resources */,
				DF305A9317233D06006958AD /* geo_pin@2x.png in Resources */,
				DF305A9417233D06006958AD /* events@2x.png in Resources */,
				DF305A9517233D06006958AD /* tours@2x.png in Resources */,
				DF305A9C17233D57006958AD /* bathroom@2x.png in Resources */,
				DF305A9D17233D57006958AD /* art@2x.png in Resources */,
				DF305A9E17233D57006958AD /* review@2x.png in Resources */,
				DF305A9F17233D57006958AD /* music@2x.png in Resources */,
				DF305AA017233D57006958AD /* muni@2x.png in Resources */,
				DF305AA117233D57006958AD /* dining@2x.png in Resources */,
				DF305AA7172359B2006958AD /* Key_Icon.png in Resources */,
				DF305AA9172359BB006958AD /* Key_Icon.png in Resources */,
				DF305AAB17235CA9006958AD /* points.json in Resources */,
				DF305AE417236247006958AD /* art-shape@2x.png in Resources */,
				DF305AE917236ABC006958AD /* DemoViewController.xib in Resources */,
			);
			runOnlyForDeploymentPostprocessing = 0;
		};
/* End PBXResourcesBuildPhase section */

/* Begin PBXSourcesBuildPhase section */
		DF4EBF041722F5B4008AA009 /* Sources */ = {
			isa = PBXSourcesBuildPhase;
			buildActionMask = 2147483647;
			files = (
				DF4EBF1A1722F5B4008AA009 /* main.m in Sources */,
				DF4EBF1E1722F5B4008AA009 /* AppDelegate.m in Sources */,
				DF4EBF271722F5B4008AA009 /* popos.xcdatamodeld in Sources */,
				DF305A3517230235006958AD /* MapViewController.m in Sources */,
				DF305A4C17231579006958AD /* Popo.m in Sources */,
				DF305A5817231E03006958AD /* PoposDetailViewController.m in Sources */,
				DF305A5F17233B27006958AD /* HomeController.m in Sources */,
				DF305AE817236ABC006958AD /* DemoViewController.m in Sources */,
			);
			runOnlyForDeploymentPostprocessing = 0;
		};
/* End PBXSourcesBuildPhase section */

/* Begin PBXVariantGroup section */
		DF4EBF161722F5B4008AA009 /* InfoPlist.strings */ = {
			isa = PBXVariantGroup;
			children = (
				DF4EBF171722F5B4008AA009 /* en */,
			);
			name = InfoPlist.strings;
			sourceTree = "<group>";
		};
/* End PBXVariantGroup section */

/* Begin XCBuildConfiguration section */
		DF4EBF281722F5B4008AA009 /* Debug */ = {
			isa = XCBuildConfiguration;
			buildSettings = {
				ALWAYS_SEARCH_USER_PATHS = NO;
				CLANG_CXX_LANGUAGE_STANDARD = "gnu++0x";
				CLANG_CXX_LIBRARY = "libc++";
				CLANG_ENABLE_OBJC_ARC = YES;
				CLANG_WARN_CONSTANT_CONVERSION = YES;
				CLANG_WARN_EMPTY_BODY = YES;
				CLANG_WARN_ENUM_CONVERSION = YES;
				CLANG_WARN_INT_CONVERSION = YES;
				CLANG_WARN__DUPLICATE_METHOD_MATCH = YES;
				"CODE_SIGN_IDENTITY[sdk=iphoneos*]" = "iPhone Developer";
				COPY_PHASE_STRIP = NO;
				GCC_C_LANGUAGE_STANDARD = gnu99;
				GCC_DYNAMIC_NO_PIC = NO;
				GCC_OPTIMIZATION_LEVEL = 0;
				GCC_PREPROCESSOR_DEFINITIONS = (
					"DEBUG=1",
					"$(inherited)",
				);
				GCC_SYMBOLS_PRIVATE_EXTERN = NO;
				GCC_WARN_ABOUT_RETURN_TYPE = YES;
				GCC_WARN_UNINITIALIZED_AUTOS = YES;
				GCC_WARN_UNUSED_VARIABLE = YES;
				IPHONEOS_DEPLOYMENT_TARGET = 6.1;
				ONLY_ACTIVE_ARCH = YES;
				OTHER_LDFLAGS = "-ObjC";
				SDKROOT = iphoneos;
			};
			name = Debug;
		};
		DF4EBF291722F5B4008AA009 /* Release */ = {
			isa = XCBuildConfiguration;
			buildSettings = {
				ALWAYS_SEARCH_USER_PATHS = NO;
				CLANG_CXX_LANGUAGE_STANDARD = "gnu++0x";
				CLANG_CXX_LIBRARY = "libc++";
				CLANG_ENABLE_OBJC_ARC = YES;
				CLANG_WARN_CONSTANT_CONVERSION = YES;
				CLANG_WARN_EMPTY_BODY = YES;
				CLANG_WARN_ENUM_CONVERSION = YES;
				CLANG_WARN_INT_CONVERSION = YES;
				CLANG_WARN__DUPLICATE_METHOD_MATCH = YES;
				"CODE_SIGN_IDENTITY[sdk=iphoneos*]" = "iPhone Developer";
				COPY_PHASE_STRIP = YES;
				GCC_C_LANGUAGE_STANDARD = gnu99;
				GCC_WARN_ABOUT_RETURN_TYPE = YES;
				GCC_WARN_UNINITIALIZED_AUTOS = YES;
				GCC_WARN_UNUSED_VARIABLE = YES;
				IPHONEOS_DEPLOYMENT_TARGET = 6.1;
				OTHER_CFLAGS = "-DNS_BLOCK_ASSERTIONS=1";
				OTHER_LDFLAGS = "-ObjC";
				SDKROOT = iphoneos;
				VALIDATE_PRODUCT = YES;
			};
			name = Release;
		};
		DF4EBF2B1722F5B4008AA009 /* Debug */ = {
			isa = XCBuildConfiguration;
			buildSettings = {
				FRAMEWORK_SEARCH_PATHS = (
					"$(inherited)",
					"\"$(SRCROOT)/../../../../Downloads\"",
				);
				GCC_PRECOMPILE_PREFIX_HEADER = YES;
				GCC_PREFIX_HEADER = "popos/popos-Prefix.pch";
				INFOPLIST_FILE = "popos/popos-Info.plist";
				LIBRARY_SEARCH_PATHS = (
					"$(inherited)",
					"\"$(SRCROOT)/GeotriggerSDK\"",
				);
				PRODUCT_NAME = "$(TARGET_NAME)";
				WRAPPER_EXTENSION = app;
			};
			name = Debug;
		};
		DF4EBF2C1722F5B4008AA009 /* Release */ = {
			isa = XCBuildConfiguration;
			buildSettings = {
				FRAMEWORK_SEARCH_PATHS = (
					"$(inherited)",
					"\"$(SRCROOT)/../../../../Downloads\"",
				);
				GCC_PRECOMPILE_PREFIX_HEADER = YES;
				GCC_PREFIX_HEADER = "popos/popos-Prefix.pch";
				INFOPLIST_FILE = "popos/popos-Info.plist";
				LIBRARY_SEARCH_PATHS = (
					"$(inherited)",
					"\"$(SRCROOT)/GeotriggerSDK\"",
				);
				PRODUCT_NAME = "$(TARGET_NAME)";
				WRAPPER_EXTENSION = app;
			};
			name = Release;
		};
/* End XCBuildConfiguration section */

/* Begin XCConfigurationList section */
		DF4EBF031722F5B4008AA009 /* Build configuration list for PBXProject "popos" */ = {
			isa = XCConfigurationList;
			buildConfigurations = (
				DF4EBF281722F5B4008AA009 /* Debug */,
				DF4EBF291722F5B4008AA009 /* Release */,
			);
			defaultConfigurationIsVisible = 0;
			defaultConfigurationName = Release;
		};
		DF4EBF2A1722F5B4008AA009 /* Build configuration list for PBXNativeTarget "popos" */ = {
			isa = XCConfigurationList;
			buildConfigurations = (
				DF4EBF2B1722F5B4008AA009 /* Debug */,
				DF4EBF2C1722F5B4008AA009 /* Release */,
			);
			defaultConfigurationIsVisible = 0;
			defaultConfigurationName = Release;
		};
/* End XCConfigurationList section */

/* Begin XCVersionGroup section */
		DF4EBF251722F5B4008AA009 /* popos.xcdatamodeld */ = {
			isa = XCVersionGroup;
			children = (
				DF4EBF261722F5B4008AA009 /* popos.xcdatamodel */,
			);
			currentVersion = DF4EBF261722F5B4008AA009 /* popos.xcdatamodel */;
			path = popos.xcdatamodeld;
			sourceTree = "<group>";
			versionGroupType = wrapper.xcdatamodel;
		};
/* End XCVersionGroup section */
	};
	rootObject = DF4EBF001722F5B4008AA009 /* Project object */;
}
